
Microsoft Visual Studio Solution File, Format Version 12.00
# Visual Studio Version 16
VisualStudioVersion = 16.0.31424.327
MinimumVisualStudioVersion = 10.0.40219.1
Project("{FAE04EC0-301F-11D3-BF4B-00C04F79EFBC}") = "HomeWork16", "HomeWork16\HomeWork16.csproj", "{D958FD75-1447-4D07-BED5-EFD3BCA78B34}"
EndProject
Global
	GlobalSection(SolutionConfigurationPlatforms) = preSolution
		Debug|Any CPU = Debug|Any CPU
		Release|Any CPU = Release|Any CPU
	EndGlobalSection
	GlobalSection(ProjectConfigurationPlatforms) = postSolution
		{D958FD75-1447-4D07-BED5-EFD3BCA78B34}.Debug|Any CPU.ActiveCfg = Debug|Any CPU
		{D958FD75-1447-4D07-BED5-EFD3BCA78B34}.Debug|Any CPU.Build.0 = Debug|Any CPU
		{D958FD75-1447-4D07-BED5-EFD3BCA78B34}.Release|Any CPU.ActiveCfg = Release|Any CPU
		{D958FD75-1447-4D07-BED5-EFD3BCA78B34}.Release|Any CPU.Build.0 = Release|Any CPU
	EndGlobalSection
	GlobalSection(SolutionProperties) = preSolution
		HideSolutionNode = FALSE
	EndGlobalSection
	GlobalSection(ExtensibilityGlobals) = postSolution
		SolutionGuid = {FAB9F3F2-DBA3-4E26-ABAE-0CCFAA1A6629}
	EndGlobalSection
EndGlobal
